---
lockVersion: 1.0.0
dependencies:
  codeql/controlflow:
    version: 1.0.8
  codeql/csharp-all:
    version: 2.0.0
  codeql/dataflow:
    version: 1.1.2
  codeql/mad:
    version: 1.0.8
  codeql/ssa:
    version: 1.0.8
  codeql/threat-models:
    version: 1.0.8
  codeql/tutorial:
    version: 1.0.8
  codeql/typetracking:
    version: 1.0.8
  codeql/util:
    version: 1.0.8
  codeql/xml:
    version: 1.0.8
compiled: false
